
Microsoft Visual Studio Solution File, Format Version 12.00
# Visual Studio Version 16
VisualStudioVersion = 16.0.31112.23
MinimumVisualStudioVersion = 10.0.40219.1
Project("{FAE04EC0-301F-11D3-BF4B-00C04F79EFBC}") = "CoreProjectInitial", "CoreProjectInitial\CoreProjectInitial.csproj", "{5065B475-DC71-4DCB-98D3-55FF190AB1ED}"
EndProject
Project("{FAE04EC0-301F-11D3-BF4B-00C04F79EFBC}") = "DataModel", "DataModel\DataModel.csproj", "{58C075F2-C7AF-4BAA-8FF1-2BF8B9D1700B}"
EndProject
Global
	GlobalSection(SolutionConfigurationPlatforms) = preSolution
		Debug|Any CPU = Debug|Any CPU
		Release|Any CPU = Release|Any CPU
	EndGlobalSection
	GlobalSection(ProjectConfigurationPlatforms) = postSolution
		{5065B475-DC71-4DCB-98D3-55FF190AB1ED}.Debug|Any CPU.ActiveCfg = Debug|Any CPU
		{5065B475-DC71-4DCB-98D3-55FF190AB1ED}.Debug|Any CPU.Build.0 = Debug|Any CPU
		{5065B475-DC71-4DCB-98D3-55FF190AB1ED}.Release|Any CPU.ActiveCfg = Release|Any CPU
		{5065B475-DC71-4DCB-98D3-55FF190AB1ED}.Release|Any CPU.Build.0 = Release|Any CPU
		{58C075F2-C7AF-4BAA-8FF1-2BF8B9D1700B}.Debug|Any CPU.ActiveCfg = Debug|Any CPU
		{58C075F2-C7AF-4BAA-8FF1-2BF8B9D1700B}.Debug|Any CPU.Build.0 = Debug|Any CPU
		{58C075F2-C7AF-4BAA-8FF1-2BF8B9D1700B}.Release|Any CPU.ActiveCfg = Release|Any CPU
		{58C075F2-C7AF-4BAA-8FF1-2BF8B9D1700B}.Release|Any CPU.Build.0 = Release|Any CPU
	EndGlobalSection
	GlobalSection(SolutionProperties) = preSolution
		HideSolutionNode = FALSE
	EndGlobalSection
	GlobalSection(ExtensibilityGlobals) = postSolution
		SolutionGuid = {D243A50B-8222-457C-B60B-C360327107C9}
	EndGlobalSection
EndGlobal
